{
	"name": "reflow",
	"version": "1.0.0",
	"lockfileVersion": 1,
	"requires": true,
	"dependencies": {
		"argparse": {
			"version": "1.0.10",
			"resolved": "https://registry.npmjs.org/argparse/-/argparse-1.0.10.tgz",
			"integrity": "sha512-o5Roy6tNG4SL/FOkCAN6RzjiakZS25RLYFrcMttJqbdd8BWrnA+fGz57iN5Pb06pvBGvl5gQ0B48dJlslXvoTg==",
			"requires": {
				"sprintf-js": "1.0.3"
			}
		},
		"bluebird": {
			"version": "3.5.1",
			"resolved": "https://registry.npmjs.org/bluebird/-/bluebird-3.5.1.tgz",
			"integrity": "sha512-MKiLiV+I1AA596t9w1sQJ8jkiSr5+ZKi0WKrYGUn6d1Fx+Ij4tIj+m2WMQSGczs5jZVxV339chE8iwk6F64wjA=="
		},
		"bluebird-lst": {
			"version": "1.0.5",
			"resolved": "https://registry.npmjs.org/bluebird-lst/-/bluebird-lst-1.0.5.tgz",
			"integrity": "sha512-Ey0bDNys5qpYPhZ/oQ9vOEvD0TYQDTILMXWP2iGfvMg7rSDde+oV4aQQgqRH+CvBFNz2BSDQnPGMUl6LKBUUQA==",
			"requires": {
				"bluebird": "3.5.1"
			}
		},
		"buffer-from": {
			"version": "1.1.0",
			"resolved": "https://registry.npmjs.org/buffer-from/-/buffer-from-1.1.0.tgz",
			"integrity": "sha512-c5mRlguI/Pe2dSZmpER62rSCu0ryKmWddzRYsuXc50U2/g8jMOulc31VZMa4mYx31U5xsmSOpDCgH88Vl9cDGQ=="
		},
		"builder-util-runtime": {
			"version": "4.2.1",
			"resolved": "https://registry.npmjs.org/builder-util-runtime/-/builder-util-runtime-4.2.1.tgz",
			"integrity": "sha512-6Ufp6ExT40RDYNXQgD4xG0fgtpUHyc8XIld6lptKr0re1DNnUrQP4sSV/lJOajpzyercMP/YIzO60/mNuAFiWg==",
			"requires": {
				"bluebird-lst": "1.0.5",
				"debug": "3.1.0",
				"fs-extra-p": "4.6.0",
				"sax": "1.2.4"
			}
		},
		"debug": {
			"version": "3.1.0",
			"resolved": "https://registry.npmjs.org/debug/-/debug-3.1.0.tgz",
			"integrity": "sha512-OX8XqP7/1a9cqkxYw2yXss15f26NKWBpDXQd0/uK/KPqdQhxbPa994hnzjcE2VqQpDslf55723cKPUOGSmMY3g==",
			"requires": {
				"ms": "2.0.0"
			}
		},
		"edge-cs": {
			"version": "1.2.1",
			"resolved": "https://registry.npmjs.org/edge-cs/-/edge-cs-1.2.1.tgz",
			"integrity": "sha1-vRqezblO8O1AyJRYIEZ0nlcEXlo="
		},
		"electron-edge-js": {
			"version": "8.3.6",
			"resolved": "https://registry.npmjs.org/electron-edge-js/-/electron-edge-js-8.3.6.tgz",
			"integrity": "sha512-GQW17vXOeSfKKkOGJf8A/v9+t4pUwRQnfUt82JTzScCgLYD/RMJ3Frxfmm0x+ZYKrpVPVZduozdr1GGOEkH73A==",
			"requires": {
				"edge-cs": "1.2.1",
				"nan": "2.10.0"
			}
		},
		"electron-is-dev": {
			"version": "0.3.0",
			"resolved": "https://registry.npmjs.org/electron-is-dev/-/electron-is-dev-0.3.0.tgz",
			"integrity": "sha1-FOb9pcaOnk7L7/nM8DfL18BcWv4="
		},
		"electron-log": {
			"version": "2.2.15",
			"resolved": "https://registry.npmjs.org/electron-log/-/electron-log-2.2.15.tgz",
			"integrity": "sha512-lpTQmU9ZjTtTkg2hHEQCvnrkrqLwvhfnMCXPhjSWA5sFXvybGMn13M0xU3CbvVbZuHSFZww6t7HyWGt+Tnye0g=="
		},
		"electron-updater": {
			"version": "2.21.10",
			"resolved": "https://registry.npmjs.org/electron-updater/-/electron-updater-2.21.10.tgz",
			"integrity": "sha512-9QNUGHqwddLFIsFiAoFSxu0NdmvB1VGKrH2dGCn/b8nDwfWwHUyCnetMsnwcVSMjHA2Lz4tGfRSDSN3PtlVDKA==",
			"requires": {
				"bluebird-lst": "1.0.5",
				"builder-util-runtime": "4.2.1",
				"electron-is-dev": "0.3.0",
				"fs-extra-p": "4.6.0",
				"js-yaml": "3.12.0",
				"lazy-val": "1.0.3",
				"lodash.isequal": "4.5.0",
				"semver": "5.5.0",
				"source-map-support": "0.5.6"
			}
		},
		"esprima": {
			"version": "4.0.0",
			"resolved": "https://registry.npmjs.org/esprima/-/esprima-4.0.0.tgz",
			"integrity": "sha512-oftTcaMu/EGrEIu904mWteKIv8vMuOgGYo7EhVJJN00R/EED9DCua/xxHRdYnKtcECzVg7xOWhflvJMnqcFZjw=="
		},
		"fs-extra": {
			"version": "6.0.1",
			"resolved": "https://registry.npmjs.org/fs-extra/-/fs-extra-6.0.1.tgz",
			"integrity": "sha512-GnyIkKhhzXZUWFCaJzvyDLEEgDkPfb4/TPvJCJVuS8MWZgoSsErf++QpiAlDnKFcqhRlm+tIOcencCjyJE6ZCA==",
			"requires": {
				"graceful-fs": "4.1.11",
				"jsonfile": "4.0.0",
				"universalify": "0.1.2"
			}
		},
		"fs-extra-p": {
			"version": "4.6.0",
			"resolved": "https://registry.npmjs.org/fs-extra-p/-/fs-extra-p-4.6.0.tgz",
			"integrity": "sha512-nSVqB5UfWZQdU6pzBwcFh+7lJpBynnTsVtNJTBhAnAppUQRut0W7WeM271iS0TqQ9FoCqDXqyL0+h+h8DQUCpg==",
			"requires": {
				"bluebird-lst": "1.0.5",
				"fs-extra": "6.0.1"
			}
		},
		"graceful-fs": {
			"version": "4.1.11",
			"resolved": "https://registry.npmjs.org/graceful-fs/-/graceful-fs-4.1.11.tgz",
			"integrity": "sha1-Dovf5NHduIVNZOBOp8AOKgJuVlg="
		},
		"js-yaml": {
			"version": "3.12.0",
			"resolved": "https://registry.npmjs.org/js-yaml/-/js-yaml-3.12.0.tgz",
			"integrity": "sha512-PIt2cnwmPfL4hKNwqeiuz4bKfnzHTBv6HyVgjahA6mPLwPDzjDWrplJBMjHUFxku/N3FlmrbyPclad+I+4mJ3A==",
			"requires": {
				"argparse": "1.0.10",
				"esprima": "4.0.0"
			}
		},
		"jsonfile": {
			"version": "4.0.0",
			"resolved": "https://registry.npmjs.org/jsonfile/-/jsonfile-4.0.0.tgz",
			"integrity": "sha1-h3Gq4HmbZAdrdmQPygWPnBDjPss=",
			"requires": {
				"graceful-fs": "4.1.11"
			}
		},
		"lazy-val": {
			"version": "1.0.3",
			"resolved": "https://registry.npmjs.org/lazy-val/-/lazy-val-1.0.3.tgz",
			"integrity": "sha512-pjCf3BYk+uv3ZcPzEVM0BFvO9Uw58TmlrU0oG5tTrr9Kcid3+kdKxapH8CjdYmVa2nO5wOoZn2rdvZx2PKj/xg=="
		},
		"lodash.isequal": {
			"version": "4.5.0",
			"resolved": "https://registry.npmjs.org/lodash.isequal/-/lodash.isequal-4.5.0.tgz",
			"integrity": "sha1-QVxEePK8wwEgwizhDtMib30+GOA="
		},
		"ms": {
			"version": "2.0.0",
			"resolved": "https://registry.npmjs.org/ms/-/ms-2.0.0.tgz",
			"integrity": "sha1-VgiurfwAvmwpAd9fmGF4jeDVl8g="
		},
		"nan": {
			"version": "2.10.0",
			"resolved": "https://registry.npmjs.org/nan/-/nan-2.10.0.tgz",
			"integrity": "sha512-bAdJv7fBLhWC+/Bls0Oza+mvTaNQtP+1RyhhhvD95pgUJz6XM5IzgmxOkItJ9tkoCiplvAnXI1tNmmUD/eScyA=="
		},
		"sax": {
			"version": "1.2.4",
			"resolved": "https://registry.npmjs.org/sax/-/sax-1.2.4.tgz",
			"integrity": "sha512-NqVDv9TpANUjFm0N8uM5GxL36UgKi9/atZw+x7YFnQ8ckwFGKrl4xX4yWtrey3UJm5nP1kUbnYgLopqWNSRhWw=="
		},
		"semver": {
			"version": "5.5.0",
			"resolved": "https://registry.npmjs.org/semver/-/semver-5.5.0.tgz",
			"integrity": "sha512-4SJ3dm0WAwWy/NVeioZh5AntkdJoWKxHxcmyP622fOkgHa4z3R0TdBJICINyaSDE6uNwVc8gZr+ZinwZAH4xIA=="
		},
		"source-map": {
			"version": "0.6.1",
			"resolved": "https://registry.npmjs.org/source-map/-/source-map-0.6.1.tgz",
			"integrity": "sha512-UjgapumWlbMhkBgzT7Ykc5YXUT46F0iKu8SGXq0bcwP5dz/h0Plj6enJqjz1Zbq2l5WaqYnrVbwWOWMyF3F47g=="
		},
		"source-map-support": {
			"version": "0.5.6",
			"resolved": "https://registry.npmjs.org/source-map-support/-/source-map-support-0.5.6.tgz",
			"integrity": "sha512-N4KXEz7jcKqPf2b2vZF11lQIz9W5ZMuUcIOGj243lduidkf2fjkVKJS9vNxVWn3u/uxX38AcE8U9nnH9FPcq+g==",
			"requires": {
				"buffer-from": "1.1.0",
				"source-map": "0.6.1"
			}
		},
		"sprintf-js": {
			"version": "1.0.3",
			"resolved": "https://registry.npmjs.org/sprintf-js/-/sprintf-js-1.0.3.tgz",
			"integrity": "sha1-BOaSb2YolTVPPdAVIDYzuFcpfiw="
		},
		"universalify": {
			"version": "0.1.2",
			"resolved": "https://registry.npmjs.org/universalify/-/universalify-0.1.2.tgz",
			"integrity": "sha512-rBJeI5CXAlmy1pV+617WB9J63U6XcazHHF2f2dbJix4XzpUF0RS3Zbj0FGIOCAva5P/d/GBOYaACQ1w+0azUkg=="
		}
	}
}
