{
  "name": "reflow-edge",
  "version": "1.0.0",
  "lockfileVersion": 1,
  "requires": true,
  "dependencies": {
    "edge-cs": {
      "version": "1.2.1",
      "resolved": "https://registry.npmjs.org/edge-cs/-/edge-cs-1.2.1.tgz",
      "integrity": "sha1-vRqezblO8O1AyJRYIEZ0nlcEXlo="
    },
    "electron-edge-js": {
      "version": "8.3.2",
      "resolved": "https://registry.npmjs.org/electron-edge-js/-/electron-edge-js-8.3.2.tgz",
      "integrity": "sha512-ACWoL2kJqiLMyWhfrsiNAt/mWo76fVzIyWfeN5bUiAch7niB1cP7UyIvE8GJFW+2Iqu0hWRXsAroEaI9E2xFyg==",
      "requires": {
        "edge-cs": "1.2.1",
        "nan": "2.9.2"
      }
    },
    "nan": {
      "version": "2.9.2",
      "resolved": "https://registry.npmjs.org/nan/-/nan-2.9.2.tgz",
      "integrity": "sha512-ltW65co7f3PQWBDbqVvaU1WtFJUsNW7sWWm4HINhbMQIyVyzIeyZ8toX5TC5eeooE6piZoaEh4cZkueSKG3KYw=="
    }
  }
}
